// !$*UTF8*$!
{
	archiveVersion = 1;
	classes = {
	};
	objectVersion = 50;
	objects = {

/* Begin PBXBuildFile section */
		045EEA5D21BF58820081292A /* iallfre.cpp in Sources */ = {isa = PBXBuildFile; fileRef = 045EEA4B21BF58800081292A /* iallfre.cpp */; };
		045EEA5E21BF58820081292A /* ballfre.cpp in Sources */ = {isa = PBXBuildFile; fileRef = 045EEA4C21BF58810081292A /* ballfre.cpp */; };
		045EEA5F21BF58820081292A /* format.cpp in Sources */ = {isa = PBXBuildFile; fileRef = 045EEA4D21BF58810081292A /* format.cpp */; };
		045EEA6021BF58820081292A /* user.cpp in Sources */ = {isa = PBXBuildFile; fileRef = 045EEA4E21BF58810081292A /* user.cpp */; };
		045EEA6121BF58820081292A /* rdwt.cpp in Sources */ = {isa = PBXBuildFile; fileRef = 045EEA4F21BF58810081292A /* rdwt.cpp */; };
		045EEA6221BF58820081292A /* creat.cpp in Sources */ = {isa = PBXBuildFile; fileRef = 045EEA5121BF58810081292A /* creat.cpp */; };
		045EEA6321BF58820081292A /* name.cpp in Sources */ = {isa = PBXBuildFile; fileRef = 045EEA5221BF58810081292A /* name.cpp */; };
		045EEA6421BF58820081292A /* close.cpp in Sources */ = {isa = PBXBuildFile; fileRef = 045EEA5321BF58810081292A /* close.cpp */; };
		045EEA6521BF58820081292A /* shell.cpp in Sources */ = {isa = PBXBuildFile; fileRef = 045EEA5421BF58810081292A /* shell.cpp */; };
		045EEA6621BF58820081292A /* install.cpp in Sources */ = {isa = PBXBuildFile; fileRef = 045EEA5521BF58810081292A /* install.cpp */; };
		045EEA6721BF58820081292A /* igetput.cpp in Sources */ = {isa = PBXBuildFile; fileRef = 045EEA5621BF58810081292A /* igetput.cpp */; };
		045EEA6821BF58820081292A /* delete.cpp in Sources */ = {isa = PBXBuildFile; fileRef = 045EEA5721BF58820081292A /* delete.cpp */; };
		045EEA6921BF58820081292A /* halt.cpp in Sources */ = {isa = PBXBuildFile; fileRef = 045EEA5821BF58820081292A /* halt.cpp */; };
		045EEA6A21BF58820081292A /* log.cpp in Sources */ = {isa = PBXBuildFile; fileRef = 045EEA5921BF58820081292A /* log.cpp */; };
		045EEA6B21BF58820081292A /* dir.cpp in Sources */ = {isa = PBXBuildFile; fileRef = 045EEA5A21BF58820081292A /* dir.cpp */; };
		045EEA6C21BF58820081292A /* access.cpp in Sources */ = {isa = PBXBuildFile; fileRef = 045EEA5B21BF58820081292A /* access.cpp */; };
		045EEA6D21BF58820081292A /* open.cpp in Sources */ = {isa = PBXBuildFile; fileRef = 045EEA5C21BF58820081292A /* open.cpp */; };
		045EEA7121BF5A520081292A /* main.cpp in Sources */ = {isa = PBXBuildFile; fileRef = 045EEA7021BF5A520081292A /* main.cpp */; };
/* End PBXBuildFile section */

/* Begin PBXCopyFilesBuildPhase section */
		045EEA3F21BF58590081292A /* CopyFiles */ = {
			isa = PBXCopyFilesBuildPhase;
			buildActionMask = 2147483647;
			dstPath = /usr/share/man/man1/;
			dstSubfolderSpec = 0;
			files = (
			);
			runOnlyForDeploymentPostprocessing = 1;
		};
/* End PBXCopyFilesBuildPhase section */

/* Begin PBXFileReference section */
		045EEA4121BF58590081292A /* fileSystem */ = {isa = PBXFileReference; explicitFileType = "compiled.mach-o.executable"; includeInIndex = 0; path = fileSystem; sourceTree = BUILT_PRODUCTS_DIR; };
		045EEA4B21BF58800081292A /* iallfre.cpp */ = {isa = PBXFileReference; fileEncoding = 4; lastKnownFileType = sourcecode.cpp.cpp; path = iallfre.cpp; sourceTree = "<group>"; };
		045EEA4C21BF58810081292A /* ballfre.cpp */ = {isa = PBXFileReference; fileEncoding = 4; lastKnownFileType = sourcecode.cpp.cpp; path = ballfre.cpp; sourceTree = "<group>"; };
		045EEA4D21BF58810081292A /* format.cpp */ = {isa = PBXFileReference; fileEncoding = 4; lastKnownFileType = sourcecode.cpp.cpp; path = format.cpp; sourceTree = "<group>"; };
		045EEA4E21BF58810081292A /* user.cpp */ = {isa = PBXFileReference; fileEncoding = 4; lastKnownFileType = sourcecode.cpp.cpp; path = user.cpp; sourceTree = "<group>"; };
		045EEA4F21BF58810081292A /* rdwt.cpp */ = {isa = PBXFileReference; fileEncoding = 4; lastKnownFileType = sourcecode.cpp.cpp; path = rdwt.cpp; sourceTree = "<group>"; };
		045EEA5021BF58810081292A /* filesys.h */ = {isa = PBXFileReference; fileEncoding = 4; lastKnownFileType = sourcecode.c.h; path = filesys.h; sourceTree = "<group>"; };
		045EEA5121BF58810081292A /* creat.cpp */ = {isa = PBXFileReference; fileEncoding = 4; lastKnownFileType = sourcecode.cpp.cpp; path = creat.cpp; sourceTree = "<group>"; };
		045EEA5221BF58810081292A /* name.cpp */ = {isa = PBXFileReference; fileEncoding = 4; lastKnownFileType = sourcecode.cpp.cpp; path = name.cpp; sourceTree = "<group>"; };
		045EEA5321BF58810081292A /* close.cpp */ = {isa = PBXFileReference; fileEncoding = 4; lastKnownFileType = sourcecode.cpp.cpp; path = close.cpp; sourceTree = "<group>"; };
		045EEA5421BF58810081292A /* shell.cpp */ = {isa = PBXFileReference; fileEncoding = 4; lastKnownFileType = sourcecode.cpp.cpp; path = shell.cpp; sourceTree = "<group>"; };
		045EEA5521BF58810081292A /* install.cpp */ = {isa = PBXFileReference; fileEncoding = 4; lastKnownFileType = sourcecode.cpp.cpp; path = install.cpp; sourceTree = "<group>"; };
		045EEA5621BF58810081292A /* igetput.cpp */ = {isa = PBXFileReference; fileEncoding = 4; lastKnownFileType = sourcecode.cpp.cpp; path = igetput.cpp; sourceTree = "<group>"; };
		045EEA5721BF58820081292A /* delete.cpp */ = {isa = PBXFileReference; fileEncoding = 4; lastKnownFileType = sourcecode.cpp.cpp; path = delete.cpp; sourceTree = "<group>"; };
		045EEA5821BF58820081292A /* halt.cpp */ = {isa = PBXFileReference; fileEncoding = 4; lastKnownFileType = sourcecode.cpp.cpp; path = halt.cpp; sourceTree = "<group>"; };
		045EEA5921BF58820081292A /* log.cpp */ = {isa = PBXFileReference; fileEncoding = 4; lastKnownFileType = sourcecode.cpp.cpp; path = log.cpp; sourceTree = "<group>"; };
		045EEA5A21BF58820081292A /* dir.cpp */ = {isa = PBXFileReference; fileEncoding = 4; lastKnownFileType = sourcecode.cpp.cpp; path = dir.cpp; sourceTree = "<group>"; };
		045EEA5B21BF58820081292A /* access.cpp */ = {isa = PBXFileReference; fileEncoding = 4; lastKnownFileType = sourcecode.cpp.cpp; path = access.cpp; sourceTree = "<group>"; };
		045EEA5C21BF58820081292A /* open.cpp */ = {isa = PBXFileReference; fileEncoding = 4; lastKnownFileType = sourcecode.cpp.cpp; path = open.cpp; sourceTree = "<group>"; };
		045EEA7021BF5A520081292A /* main.cpp */ = {isa = PBXFileReference; fileEncoding = 4; lastKnownFileType = sourcecode.cpp.cpp; path = main.cpp; sourceTree = "<group>"; };
/* End PBXFileReference section */

/* Begin PBXFrameworksBuildPhase section */
		045EEA3E21BF58590081292A /* Frameworks */ = {
			isa = PBXFrameworksBuildPhase;
			buildActionMask = 2147483647;
			files = (
			);
			runOnlyForDeploymentPostprocessing = 0;
		};
/* End PBXFrameworksBuildPhase section */

/* Begin PBXGroup section */
		045EEA3821BF58590081292A = {
			isa = PBXGroup;
			children = (
				045EEA4321BF58590081292A /* fileSystem */,
				045EEA4221BF58590081292A /* Products */,
			);
			sourceTree = "<group>";
		};
		045EEA4221BF58590081292A /* Products */ = {
			isa = PBXGroup;
			children = (
				045EEA4121BF58590081292A /* fileSystem */,
			);
			name = Products;
			sourceTree = "<group>";
		};
		045EEA4321BF58590081292A /* fileSystem */ = {
			isa = PBXGroup;
			children = (
				045EEA7021BF5A520081292A /* main.cpp */,
				045EEA5B21BF58820081292A /* access.cpp */,
				045EEA4C21BF58810081292A /* ballfre.cpp */,
				045EEA5321BF58810081292A /* close.cpp */,
				045EEA5121BF58810081292A /* creat.cpp */,
				045EEA5721BF58820081292A /* delete.cpp */,
				045EEA5A21BF58820081292A /* dir.cpp */,
				045EEA5021BF58810081292A /* filesys.h */,
				045EEA4D21BF58810081292A /* format.cpp */,
				045EEA5821BF58820081292A /* halt.cpp */,
				045EEA4B21BF58800081292A /* iallfre.cpp */,
				045EEA5621BF58810081292A /* igetput.cpp */,
				045EEA5521BF58810081292A /* install.cpp */,
				045EEA5921BF58820081292A /* log.cpp */,
				045EEA5221BF58810081292A /* name.cpp */,
				045EEA5C21BF58820081292A /* open.cpp */,
				045EEA4F21BF58810081292A /* rdwt.cpp */,
				045EEA5421BF58810081292A /* shell.cpp */,
				045EEA4E21BF58810081292A /* user.cpp */,
			);
			path = fileSystem;
			sourceTree = "<group>";
		};
/* End PBXGroup section */

/* Begin PBXNativeTarget section */
		045EEA4021BF58590081292A /* fileSystem */ = {
			isa = PBXNativeTarget;
			buildConfigurationList = 045EEA4821BF58590081292A /* Build configuration list for PBXNativeTarget "fileSystem" */;
			buildPhases = (
				045EEA3D21BF58590081292A /* Sources */,
				045EEA3E21BF58590081292A /* Frameworks */,
				045EEA3F21BF58590081292A /* CopyFiles */,
			);
			buildRules = (
			);
			dependencies = (
			);
			name = fileSystem;
			productName = fileSystem;
			productReference = 045EEA4121BF58590081292A /* fileSystem */;
			productType = "com.apple.product-type.tool";
		};
/* End PBXNativeTarget section */

/* Begin PBXProject section */
		045EEA3921BF58590081292A /* Project object */ = {
			isa = PBXProject;
			attributes = {
				LastUpgradeCheck = 1010;
				ORGANIZATIONNAME = "黄鸣宇";
				TargetAttributes = {
					045EEA4021BF58590081292A = {
						CreatedOnToolsVersion = 10.1;
					};
				};
			};
			buildConfigurationList = 045EEA3C21BF58590081292A /* Build configuration list for PBXProject "fileSystem" */;
			compatibilityVersion = "Xcode 9.3";
			developmentRegion = en;
			hasScannedForEncodings = 0;
			knownRegions = (
				en,
			);
			mainGroup = 045EEA3821BF58590081292A;
			productRefGroup = 045EEA4221BF58590081292A /* Products */;
			projectDirPath = "";
			projectRoot = "";
			targets = (
				045EEA4021BF58590081292A /* fileSystem */,
			);
		};
/* End PBXProject section */

/* Begin PBXSourcesBuildPhase section */
		045EEA3D21BF58590081292A /* Sources */ = {
			isa = PBXSourcesBuildPhase;
			buildActionMask = 2147483647;
			files = (
				045EEA6821BF58820081292A /* delete.cpp in Sources */,
				045EEA6421BF58820081292A /* close.cpp in Sources */,
				045EEA7121BF5A520081292A /* main.cpp in Sources */,
				045EEA6621BF58820081292A /* install.cpp in Sources */,
				045EEA6A21BF58820081292A /* log.cpp in Sources */,
				045EEA5F21BF58820081292A /* format.cpp in Sources */,
				045EEA5E21BF58820081292A /* ballfre.cpp in Sources */,
				045EEA6321BF58820081292A /* name.cpp in Sources */,
				045EEA6C21BF58820081292A /* access.cpp in Sources */,
				045EEA6B21BF58820081292A /* dir.cpp in Sources */,
				045EEA6121BF58820081292A /* rdwt.cpp in Sources */,
				045EEA6221BF58820081292A /* creat.cpp in Sources */,
				045EEA6D21BF58820081292A /* open.cpp in Sources */,
				045EEA6521BF58820081292A /* shell.cpp in Sources */,
				045EEA6921BF58820081292A /* halt.cpp in Sources */,
				045EEA6021BF58820081292A /* user.cpp in Sources */,
				045EEA6721BF58820081292A /* igetput.cpp in Sources */,
				045EEA5D21BF58820081292A /* iallfre.cpp in Sources */,
			);
			runOnlyForDeploymentPostprocessing = 0;
		};
/* End PBXSourcesBuildPhase section */

/* Begin XCBuildConfiguration section */
		045EEA4621BF58590081292A /* Debug */ = {
			isa = XCBuildConfiguration;
			buildSettings = {
				ALWAYS_SEARCH_USER_PATHS = NO;
				CLANG_ANALYZER_NONNULL = YES;
				CLANG_ANALYZER_NUMBER_OBJECT_CONVERSION = YES_AGGRESSIVE;
				CLANG_CXX_LANGUAGE_STANDARD = "gnu++14";
				CLANG_CXX_LIBRARY = "libc++";
				CLANG_ENABLE_MODULES = YES;
				CLANG_ENABLE_OBJC_ARC = YES;
				CLANG_ENABLE_OBJC_WEAK = YES;
				CLANG_WARN_BLOCK_CAPTURE_AUTORELEASING = YES;
				CLANG_WARN_BOOL_CONVERSION = YES;
				CLANG_WARN_COMMA = YES;
				CLANG_WARN_CONSTANT_CONVERSION = YES;
				CLANG_WARN_DEPRECATED_OBJC_IMPLEMENTATIONS = YES;
				CLANG_WARN_DIRECT_OBJC_ISA_USAGE = YES_ERROR;
				CLANG_WARN_DOCUMENTATION_COMMENTS = YES;
				CLANG_WARN_EMPTY_BODY = YES;
				CLANG_WARN_ENUM_CONVERSION = YES;
				CLANG_WARN_INFINITE_RECURSION = YES;
				CLANG_WARN_INT_CONVERSION = YES;
				CLANG_WARN_NON_LITERAL_NULL_CONVERSION = YES;
				CLANG_WARN_OBJC_IMPLICIT_RETAIN_SELF = YES;
				CLANG_WARN_OBJC_LITERAL_CONVERSION = YES;
				CLANG_WARN_OBJC_ROOT_CLASS = YES_ERROR;
				CLANG_WARN_RANGE_LOOP_ANALYSIS = YES;
				CLANG_WARN_STRICT_PROTOTYPES = YES;
				CLANG_WARN_SUSPICIOUS_MOVE = YES;
				CLANG_WARN_UNGUARDED_AVAILABILITY = YES_AGGRESSIVE;
				CLANG_WARN_UNREACHABLE_CODE = YES;
				CLANG_WARN__DUPLICATE_METHOD_MATCH = YES;
				CODE_SIGN_IDENTITY = "-";
				COPY_PHASE_STRIP = NO;
				DEBUG_INFORMATION_FORMAT = dwarf;
				ENABLE_STRICT_OBJC_MSGSEND = YES;
				ENABLE_TESTABILITY = YES;
				GCC_C_LANGUAGE_STANDARD = gnu11;
				GCC_DYNAMIC_NO_PIC = NO;
				GCC_NO_COMMON_BLOCKS = YES;
				GCC_OPTIMIZATION_LEVEL = 0;
				GCC_PREPROCESSOR_DEFINITIONS = (
					"DEBUG=1",
					"$(inherited)",
				);
				GCC_WARN_64_TO_32_BIT_CONVERSION = YES;
				GCC_WARN_ABOUT_RETURN_TYPE = YES_ERROR;
				GCC_WARN_UNDECLARED_SELECTOR = YES;
				GCC_WARN_UNINITIALIZED_AUTOS = YES_AGGRESSIVE;
				GCC_WARN_UNUSED_FUNCTION = YES;
				GCC_WARN_UNUSED_VARIABLE = YES;
				MACOSX_DEPLOYMENT_TARGET = 10.14;
				MTL_ENABLE_DEBUG_INFO = INCLUDE_SOURCE;
				MTL_FAST_MATH = YES;
				ONLY_ACTIVE_ARCH = YES;
				SDKROOT = macosx;
			};
			name = Debug;
		};
		045EEA4721BF58590081292A /* Release */ = {
			isa = XCBuildConfiguration;
			buildSettings = {
				ALWAYS_SEARCH_USER_PATHS = NO;
				CLANG_ANALYZER_NONNULL = YES;
				CLANG_ANALYZER_NUMBER_OBJECT_CONVERSION = YES_AGGRESSIVE;
				CLANG_CXX_LANGUAGE_STANDARD = "gnu++14";
				CLANG_CXX_LIBRARY = "libc++";
				CLANG_ENABLE_MODULES = YES;
				CLANG_ENABLE_OBJC_ARC = YES;
				CLANG_ENABLE_OBJC_WEAK = YES;
				CLANG_WARN_BLOCK_CAPTURE_AUTORELEASING = YES;
				CLANG_WARN_BOOL_CONVERSION = YES;
				CLANG_WARN_COMMA = YES;
				CLANG_WARN_CONSTANT_CONVERSION = YES;
				CLANG_WARN_DEPRECATED_OBJC_IMPLEMENTATIONS = YES;
				CLANG_WARN_DIRECT_OBJC_ISA_USAGE = YES_ERROR;
				CLANG_WARN_DOCUMENTATION_COMMENTS = YES;
				CLANG_WARN_EMPTY_BODY = YES;
				CLANG_WARN_ENUM_CONVERSION = YES;
				CLANG_WARN_INFINITE_RECURSION = YES;
				CLANG_WARN_INT_CONVERSION = YES;
				CLANG_WARN_NON_LITERAL_NULL_CONVERSION = YES;
				CLANG_WARN_OBJC_IMPLICIT_RETAIN_SELF = YES;
				CLANG_WARN_OBJC_LITERAL_CONVERSION = YES;
				CLANG_WARN_OBJC_ROOT_CLASS = YES_ERROR;
				CLANG_WARN_RANGE_LOOP_ANALYSIS = YES;
				CLANG_WARN_STRICT_PROTOTYPES = YES;
				CLANG_WARN_SUSPICIOUS_MOVE = YES;
				CLANG_WARN_UNGUARDED_AVAILABILITY = YES_AGGRESSIVE;
				CLANG_WARN_UNREACHABLE_CODE = YES;
				CLANG_WARN__DUPLICATE_METHOD_MATCH = YES;
				CODE_SIGN_IDENTITY = "-";
				COPY_PHASE_STRIP = NO;
				DEBUG_INFORMATION_FORMAT = "dwarf-with-dsym";
				ENABLE_NS_ASSERTIONS = NO;
				ENABLE_STRICT_OBJC_MSGSEND = YES;
				GCC_C_LANGUAGE_STANDARD = gnu11;
				GCC_NO_COMMON_BLOCKS = YES;
				GCC_WARN_64_TO_32_BIT_CONVERSION = YES;
				GCC_WARN_ABOUT_RETURN_TYPE = YES_ERROR;
				GCC_WARN_UNDECLARED_SELECTOR = YES;
				GCC_WARN_UNINITIALIZED_AUTOS = YES_AGGRESSIVE;
				GCC_WARN_UNUSED_FUNCTION = YES;
				GCC_WARN_UNUSED_VARIABLE = YES;
				MACOSX_DEPLOYMENT_TARGET = 10.14;
				MTL_ENABLE_DEBUG_INFO = NO;
				MTL_FAST_MATH = YES;
				SDKROOT = macosx;
			};
			name = Release;
		};
		045EEA4921BF58590081292A /* Debug */ = {
			isa = XCBuildConfiguration;
			buildSettings = {
				CODE_SIGN_STYLE = Automatic;
				PRODUCT_NAME = "$(TARGET_NAME)";
			};
			name = Debug;
		};
		045EEA4A21BF58590081292A /* Release */ = {
			isa = XCBuildConfiguration;
			buildSettings = {
				CODE_SIGN_STYLE = Automatic;
				PRODUCT_NAME = "$(TARGET_NAME)";
			};
			name = Release;
		};
/* End XCBuildConfiguration section */

/* Begin XCConfigurationList section */
		045EEA3C21BF58590081292A /* Build configuration list for PBXProject "fileSystem" */ = {
			isa = XCConfigurationList;
			buildConfigurations = (
				045EEA4621BF58590081292A /* Debug */,
				045EEA4721BF58590081292A /* Release */,
			);
			defaultConfigurationIsVisible = 0;
			defaultConfigurationName = Release;
		};
		045EEA4821BF58590081292A /* Build configuration list for PBXNativeTarget "fileSystem" */ = {
			isa = XCConfigurationList;
			buildConfigurations = (
				045EEA4921BF58590081292A /* Debug */,
				045EEA4A21BF58590081292A /* Release */,
			);
			defaultConfigurationIsVisible = 0;
			defaultConfigurationName = Release;
		};
/* End XCConfigurationList section */
	};
	rootObject = 045EEA3921BF58590081292A /* Project object */;
}
